
Microsoft Visual Studio Solution File, Format Version 12.00
# Visual Studio Version 17
VisualStudioVersion = 17.14.36616.10
MinimumVisualStudioVersion = 10.0.40219.1
Project("{FAE04EC0-301F-11D3-BF4B-00C04F79EFBC}") = "OnsenScenarioAnalyzer", "OnsenScenarioAnalyzer.csproj", "{DAEA59FC-5EBC-C33A-2958-BAD4A3E28D0B}"
EndProject
Project("{FAE04EC0-301F-11D3-BF4B-00C04F79EFBC}") = "UmamusumeResponseAnalyzer", "..\URAFORK\UmamusumeResponseAnalyzer\UmamusumeResponseAnalyzer\UmamusumeResponseAnalyzer.csproj", "{40B1B873-870E-6870-6ADD-DDF30AEED0BA}"
EndProject
Project("{FAE04EC0-301F-11D3-BF4B-00C04F79EFBC}") = "EventLoggerPlugin", "..\EventLoggerPlugin\EventLoggerPlugin.csproj", "{16AD65E1-CF72-765E-BAAA-7EB7B684F577}"
EndProject
Global
	GlobalSection(SolutionConfigurationPlatforms) = preSolution
		Debug|Any CPU = Debug|Any CPU
		Release|Any CPU = Release|Any CPU
	EndGlobalSection
	GlobalSection(ProjectConfigurationPlatforms) = postSolution
		{DAEA59FC-5EBC-C33A-2958-BAD4A3E28D0B}.Debug|Any CPU.ActiveCfg = Debug|Any CPU
		{DAEA59FC-5EBC-C33A-2958-BAD4A3E28D0B}.Debug|Any CPU.Build.0 = Debug|Any CPU
		{DAEA59FC-5EBC-C33A-2958-BAD4A3E28D0B}.Release|Any CPU.ActiveCfg = Release|Any CPU
		{DAEA59FC-5EBC-C33A-2958-BAD4A3E28D0B}.Release|Any CPU.Build.0 = Release|Any CPU
		{40B1B873-870E-6870-6ADD-DDF30AEED0BA}.Debug|Any CPU.ActiveCfg = Debug|Any CPU
		{40B1B873-870E-6870-6ADD-DDF30AEED0BA}.Debug|Any CPU.Build.0 = Debug|Any CPU
		{40B1B873-870E-6870-6ADD-DDF30AEED0BA}.Release|Any CPU.ActiveCfg = Release|Any CPU
		{40B1B873-870E-6870-6ADD-DDF30AEED0BA}.Release|Any CPU.Build.0 = Release|Any CPU
		{16AD65E1-CF72-765E-BAAA-7EB7B684F577}.Debug|Any CPU.ActiveCfg = Debug|Any CPU
		{16AD65E1-CF72-765E-BAAA-7EB7B684F577}.Debug|Any CPU.Build.0 = Debug|Any CPU
		{16AD65E1-CF72-765E-BAAA-7EB7B684F577}.Release|Any CPU.ActiveCfg = Release|Any CPU
		{16AD65E1-CF72-765E-BAAA-7EB7B684F577}.Release|Any CPU.Build.0 = Release|Any CPU
	EndGlobalSection
	GlobalSection(SolutionProperties) = preSolution
		HideSolutionNode = FALSE
	EndGlobalSection
	GlobalSection(ExtensibilityGlobals) = postSolution
		SolutionGuid = {6370B21C-47FB-4943-9225-99ADA11037E6}
	EndGlobalSection
EndGlobal
